
Microsoft Visual Studio Solution File, Format Version 12.00
# Visual Studio Version 17
VisualStudioVersion = 17.10.35027.167
MinimumVisualStudioVersion = 10.0.40219.1
Project("{FAE04EC0-301F-11D3-BF4B-00C04F79EFBC}") = "APIRateLimiting", "APIRateLimiting\APIRateLimiting.csproj", "{972A7004-E846-4248-A398-1F48787BC80E}"
EndProject
Global
	GlobalSection(SolutionConfigurationPlatforms) = preSolution
		Debug|Any CPU = Debug|Any CPU
		Release|Any CPU = Release|Any CPU
	EndGlobalSection
	GlobalSection(ProjectConfigurationPlatforms) = postSolution
		{972A7004-E846-4248-A398-1F48787BC80E}.Debug|Any CPU.ActiveCfg = Debug|Any CPU
		{972A7004-E846-4248-A398-1F48787BC80E}.Debug|Any CPU.Build.0 = Debug|Any CPU
		{972A7004-E846-4248-A398-1F48787BC80E}.Release|Any CPU.ActiveCfg = Release|Any CPU
		{972A7004-E846-4248-A398-1F48787BC80E}.Release|Any CPU.Build.0 = Release|Any CPU
	EndGlobalSection
	GlobalSection(SolutionProperties) = preSolution
		HideSolutionNode = FALSE
	EndGlobalSection
	GlobalSection(ExtensibilityGlobals) = postSolution
		SolutionGuid = {DE156B3F-E61A-43B4-BA6C-26300C2DD36A}
	EndGlobalSection
EndGlobal
